# This file is automatically @generated by Cargo.
# It is not intended for manual editing.
version = 4

[[package]]
name = "mw-convert"
version = "0.1.0"

[[package]]
name = "mw-fetch"
version = "0.1.0"

[[package]]
name = "mw-normalize"
version = "0.1.0"

[[package]]
name = "mw2md"
version = "0.1.0"
